
Microsoft Visual Studio Solution File, Format Version 12.00
# Visual Studio Version 17
VisualStudioVersion = 17.9.34616.47
MinimumVisualStudioVersion = 10.0.40219.1
Project("{2150E333-8FDC-42A3-9474-1A3956D46DE8}") = "0-Presentation", "0-Presentation", "{5EC5BC12-1DF4-409C-8735-6831A3CDE4C8}"
EndProject
Project("{2150E333-8FDC-42A3-9474-1A3956D46DE8}") = "1-Service", "1-Service", "{1758A0EC-D4D3-4E93-B8D8-63D82F330B55}"
EndProject
Project("{2150E333-8FDC-42A3-9474-1A3956D46DE8}") = "2-Application", "2-Application", "{F7C453E5-19DB-4D7D-A291-83A606BFFC48}"
EndProject
Project("{2150E333-8FDC-42A3-9474-1A3956D46DE8}") = "3-Domain", "3-Domain", "{0827F7DA-A0A7-45C0-98EB-D2A4D9E4D837}"
EndProject
Project("{2150E333-8FDC-42A3-9474-1A3956D46DE8}") = "4-Infra", "4-Infra", "{FFC9C723-90CE-451D-930F-22BA52579D12}"
EndProject
Project("{2150E333-8FDC-42A3-9474-1A3956D46DE8}") = "4.1-Data", "4.1-Data", "{E751CE46-14AD-414C-9042-5833F5FAC5FF}"
EndProject
Project("{2150E333-8FDC-42A3-9474-1A3956D46DE8}") = "4.1-CrossCutting", "4.1-CrossCutting", "{97F594D8-8814-4BC0-ADDC-3CEF83F432F2}"
EndProject
Project("{FAE04EC0-301F-11D3-BF4B-00C04F79EFBC}") = "DDD3.MVC", "DDD3.MVC\DDD3.MVC.csproj", "{8A42AD57-330B-4166-8C7F-3770D61425B7}"
EndProject
Project("{FAE04EC0-301F-11D3-BF4B-00C04F79EFBC}") = "DDD3.Domain", "DDD3.Domain\DDD3.Domain.csproj", "{D6C1AF77-C5CB-4100-8379-1B1239A354E0}"
EndProject
Project("{FAE04EC0-301F-11D3-BF4B-00C04F79EFBC}") = "DDD3.Infra.Data", "DDD3.Infra.Data\DDD3.Infra.Data.csproj", "{6D28A461-FD93-4063-BC5A-124F3E745E14}"
EndProject
Project("{FAE04EC0-301F-11D3-BF4B-00C04F79EFBC}") = "DDD3.Application", "DDD3.Application\DDD3.Application.csproj", "{53011D2F-3E82-4C01-8E2B-C15DD09B90F8}"
EndProject
Global
	GlobalSection(SolutionConfigurationPlatforms) = preSolution
		Debug|Any CPU = Debug|Any CPU
		Release|Any CPU = Release|Any CPU
	EndGlobalSection
	GlobalSection(ProjectConfigurationPlatforms) = postSolution
		{8A42AD57-330B-4166-8C7F-3770D61425B7}.Debug|Any CPU.ActiveCfg = Debug|Any CPU
		{8A42AD57-330B-4166-8C7F-3770D61425B7}.Debug|Any CPU.Build.0 = Debug|Any CPU
		{8A42AD57-330B-4166-8C7F-3770D61425B7}.Release|Any CPU.ActiveCfg = Release|Any CPU
		{8A42AD57-330B-4166-8C7F-3770D61425B7}.Release|Any CPU.Build.0 = Release|Any CPU
		{D6C1AF77-C5CB-4100-8379-1B1239A354E0}.Debug|Any CPU.ActiveCfg = Debug|Any CPU
		{D6C1AF77-C5CB-4100-8379-1B1239A354E0}.Debug|Any CPU.Build.0 = Debug|Any CPU
		{D6C1AF77-C5CB-4100-8379-1B1239A354E0}.Release|Any CPU.ActiveCfg = Release|Any CPU
		{D6C1AF77-C5CB-4100-8379-1B1239A354E0}.Release|Any CPU.Build.0 = Release|Any CPU
		{6D28A461-FD93-4063-BC5A-124F3E745E14}.Debug|Any CPU.ActiveCfg = Debug|Any CPU
		{6D28A461-FD93-4063-BC5A-124F3E745E14}.Debug|Any CPU.Build.0 = Debug|Any CPU
		{6D28A461-FD93-4063-BC5A-124F3E745E14}.Release|Any CPU.ActiveCfg = Release|Any CPU
		{6D28A461-FD93-4063-BC5A-124F3E745E14}.Release|Any CPU.Build.0 = Release|Any CPU
		{53011D2F-3E82-4C01-8E2B-C15DD09B90F8}.Debug|Any CPU.ActiveCfg = Debug|Any CPU
		{53011D2F-3E82-4C01-8E2B-C15DD09B90F8}.Debug|Any CPU.Build.0 = Debug|Any CPU
		{53011D2F-3E82-4C01-8E2B-C15DD09B90F8}.Release|Any CPU.ActiveCfg = Release|Any CPU
		{53011D2F-3E82-4C01-8E2B-C15DD09B90F8}.Release|Any CPU.Build.0 = Release|Any CPU
	EndGlobalSection
	GlobalSection(SolutionProperties) = preSolution
		HideSolutionNode = FALSE
	EndGlobalSection
	GlobalSection(NestedProjects) = preSolution
		{E751CE46-14AD-414C-9042-5833F5FAC5FF} = {FFC9C723-90CE-451D-930F-22BA52579D12}
		{97F594D8-8814-4BC0-ADDC-3CEF83F432F2} = {FFC9C723-90CE-451D-930F-22BA52579D12}
		{8A42AD57-330B-4166-8C7F-3770D61425B7} = {5EC5BC12-1DF4-409C-8735-6831A3CDE4C8}
		{D6C1AF77-C5CB-4100-8379-1B1239A354E0} = {0827F7DA-A0A7-45C0-98EB-D2A4D9E4D837}
		{6D28A461-FD93-4063-BC5A-124F3E745E14} = {E751CE46-14AD-414C-9042-5833F5FAC5FF}
		{53011D2F-3E82-4C01-8E2B-C15DD09B90F8} = {F7C453E5-19DB-4D7D-A291-83A606BFFC48}
	EndGlobalSection
	GlobalSection(ExtensibilityGlobals) = postSolution
		SolutionGuid = {8324070A-9CCA-4BF1-B01C-B64423FB9232}
	EndGlobalSection
EndGlobal
